
Microsoft Visual Studio Solution File, Format Version 12.00
# Visual Studio Version 17
VisualStudioVersion = 17.13.35931.197 d17.13
MinimumVisualStudioVersion = 10.0.40219.1
Project("{FAE04EC0-301F-11D3-BF4B-00C04F79EFBC}") = "StudentManagementSystem", "StudentManagementSystem\StudentManagementSystem.csproj", "{1688841F-48EF-49E7-8AB2-DAD82562AF7B}"
EndProject
Global
	GlobalSection(SolutionConfigurationPlatforms) = preSolution
		Debug|Any CPU = Debug|Any CPU
		Release|Any CPU = Release|Any CPU
	EndGlobalSection
	GlobalSection(ProjectConfigurationPlatforms) = postSolution
		{1688841F-48EF-49E7-8AB2-DAD82562AF7B}.Debug|Any CPU.ActiveCfg = Debug|Any CPU
		{1688841F-48EF-49E7-8AB2-DAD82562AF7B}.Debug|Any CPU.Build.0 = Debug|Any CPU
		{1688841F-48EF-49E7-8AB2-DAD82562AF7B}.Release|Any CPU.ActiveCfg = Release|Any CPU
		{1688841F-48EF-49E7-8AB2-DAD82562AF7B}.Release|Any CPU.Build.0 = Release|Any CPU
	EndGlobalSection
	GlobalSection(SolutionProperties) = preSolution
		HideSolutionNode = FALSE
	EndGlobalSection
	GlobalSection(ExtensibilityGlobals) = postSolution
		SolutionGuid = {C51F74E8-F06B-457A-AA52-1715D4682867}
	EndGlobalSection
EndGlobal
